// !$*UTF8*$!
{
	archiveVersion = 1;
	classes = {
	};
	objectVersion = 50;
	objects = {

/* Begin PBXBuildFile section */
		B21B440126BE309A0073F23C /* main.cpp in Sources */ = {isa = PBXBuildFile; fileRef = B21B440026BE309A0073F23C /* main.cpp */; };
		B21B440D26BE348F0073F23C /* Insertion_Sort.cpp in Sources */ = {isa = PBXBuildFile; fileRef = B21B440C26BE348F0073F23C /* Insertion_Sort.cpp */; };
		B21B441626BFEBB30073F23C /* Bubble_Sort.cpp in Sources */ = {isa = PBXBuildFile; fileRef = B21B441526BFEBB20073F23C /* Bubble_Sort.cpp */; };
		B278C5BD26CF8ED200F39F53 /* ShellSort.cpp in Sources */ = {isa = PBXBuildFile; fileRef = B278C5BC26CF8ED200F39F53 /* ShellSort.cpp */; };
		B2E1DC4226C3B33300EAE140 /* Selection_Sort.cpp in Sources */ = {isa = PBXBuildFile; fileRef = B2E1DC4126C3B33300EAE140 /* Selection_Sort.cpp */; };
		B2E1DC4426C53BB700EAE140 /* Stable_Sort.cpp in Sources */ = {isa = PBXBuildFile; fileRef = B2E1DC4326C53BB700EAE140 /* Stable_Sort.cpp */; };
/* End PBXBuildFile section */

/* Begin PBXCopyFilesBuildPhase section */
		B21B43FB26BE309A0073F23C /* CopyFiles */ = {
			isa = PBXCopyFilesBuildPhase;
			buildActionMask = 2147483647;
			dstPath = /usr/share/man/man1/;
			dstSubfolderSpec = 0;
			files = (
			);
			runOnlyForDeploymentPostprocessing = 1;
		};
/* End PBXCopyFilesBuildPhase section */

/* Begin PBXFileReference section */
		B21B43FD26BE309A0073F23C /* algorithm_and_data_structure */ = {isa = PBXFileReference; explicitFileType = "compiled.mach-o.executable"; includeInIndex = 0; path = algorithm_and_data_structure; sourceTree = BUILT_PRODUCTS_DIR; };
		B21B440026BE309A0073F23C /* main.cpp */ = {isa = PBXFileReference; lastKnownFileType = sourcecode.cpp.cpp; path = main.cpp; sourceTree = "<group>"; };
		B21B440C26BE348F0073F23C /* Insertion_Sort.cpp */ = {isa = PBXFileReference; lastKnownFileType = sourcecode.cpp.cpp; path = Insertion_Sort.cpp; sourceTree = "<group>"; };
		B21B441526BFEBB20073F23C /* Bubble_Sort.cpp */ = {isa = PBXFileReference; lastKnownFileType = sourcecode.cpp.cpp; path = Bubble_Sort.cpp; sourceTree = "<group>"; };
		B278C5BC26CF8ED200F39F53 /* ShellSort.cpp */ = {isa = PBXFileReference; lastKnownFileType = sourcecode.cpp.cpp; path = ShellSort.cpp; sourceTree = "<group>"; };
		B2E1DC4126C3B33300EAE140 /* Selection_Sort.cpp */ = {isa = PBXFileReference; lastKnownFileType = sourcecode.cpp.cpp; path = Selection_Sort.cpp; sourceTree = "<group>"; };
		B2E1DC4326C53BB700EAE140 /* Stable_Sort.cpp */ = {isa = PBXFileReference; lastKnownFileType = sourcecode.cpp.cpp; path = Stable_Sort.cpp; sourceTree = "<group>"; };
/* End PBXFileReference section */

/* Begin PBXFrameworksBuildPhase section */
		B21B43FA26BE309A0073F23C /* Frameworks */ = {
			isa = PBXFrameworksBuildPhase;
			buildActionMask = 2147483647;
			files = (
			);
			runOnlyForDeploymentPostprocessing = 0;
		};
/* End PBXFrameworksBuildPhase section */

/* Begin PBXGroup section */
		B21B43F426BE309A0073F23C = {
			isa = PBXGroup;
			children = (
				B21B43FF26BE309A0073F23C /* algorithm_and_data_structure */,
				B21B43FE26BE309A0073F23C /* Products */,
			);
			sourceTree = "<group>";
		};
		B21B43FE26BE309A0073F23C /* Products */ = {
			isa = PBXGroup;
			children = (
				B21B43FD26BE309A0073F23C /* algorithm_and_data_structure */,
			);
			name = Products;
			sourceTree = "<group>";
		};
		B21B43FF26BE309A0073F23C /* algorithm_and_data_structure */ = {
			isa = PBXGroup;
			children = (
				B21B440026BE309A0073F23C /* main.cpp */,
				B21B441026BE5AC00073F23C /* Aizu_Online_Judge */,
			);
			path = algorithm_and_data_structure;
			sourceTree = "<group>";
		};
		B21B441026BE5AC00073F23C /* Aizu_Online_Judge */ = {
			isa = PBXGroup;
			children = (
				B21B441426BE880B0073F23C /* 初等的整列(3章) */,
			);
			path = Aizu_Online_Judge;
			sourceTree = "<group>";
		};
		B21B441426BE880B0073F23C /* 初等的整列(3章) */ = {
			isa = PBXGroup;
			children = (
				B21B440C26BE348F0073F23C /* Insertion_Sort.cpp */,
				B21B441526BFEBB20073F23C /* Bubble_Sort.cpp */,
				B2E1DC4126C3B33300EAE140 /* Selection_Sort.cpp */,
				B2E1DC4326C53BB700EAE140 /* Stable_Sort.cpp */,
				B278C5BC26CF8ED200F39F53 /* ShellSort.cpp */,
			);
			path = "初等的整列(3章)";
			sourceTree = "<group>";
		};
/* End PBXGroup section */

/* Begin PBXNativeTarget section */
		B21B43FC26BE309A0073F23C /* algorithm_and_data_structure */ = {
			isa = PBXNativeTarget;
			buildConfigurationList = B21B440426BE309A0073F23C /* Build configuration list for PBXNativeTarget "algorithm_and_data_structure" */;
			buildPhases = (
				B21B43F926BE309A0073F23C /* Sources */,
				B21B43FA26BE309A0073F23C /* Frameworks */,
				B21B43FB26BE309A0073F23C /* CopyFiles */,
			);
			buildRules = (
			);
			dependencies = (
			);
			name = algorithm_and_data_structure;
			productName = algorithm_and_data_structure;
			productReference = B21B43FD26BE309A0073F23C /* algorithm_and_data_structure */;
			productType = "com.apple.product-type.tool";
		};
/* End PBXNativeTarget section */

/* Begin PBXProject section */
		B21B43F526BE309A0073F23C /* Project object */ = {
			isa = PBXProject;
			attributes = {
				LastUpgradeCheck = 1250;
				TargetAttributes = {
					B21B43FC26BE309A0073F23C = {
						CreatedOnToolsVersion = 12.5;
					};
				};
			};
			buildConfigurationList = B21B43F826BE309A0073F23C /* Build configuration list for PBXProject "algorithm_and_data_structure" */;
			compatibilityVersion = "Xcode 9.3";
			developmentRegion = en;
			hasScannedForEncodings = 0;
			knownRegions = (
				en,
				Base,
			);
			mainGroup = B21B43F426BE309A0073F23C;
			productRefGroup = B21B43FE26BE309A0073F23C /* Products */;
			projectDirPath = "";
			projectRoot = "";
			targets = (
				B21B43FC26BE309A0073F23C /* algorithm_and_data_structure */,
			);
		};
/* End PBXProject section */

/* Begin PBXSourcesBuildPhase section */
		B21B43F926BE309A0073F23C /* Sources */ = {
			isa = PBXSourcesBuildPhase;
			buildActionMask = 2147483647;
			files = (
				B2E1DC4226C3B33300EAE140 /* Selection_Sort.cpp in Sources */,
				B21B440126BE309A0073F23C /* main.cpp in Sources */,
				B21B440D26BE348F0073F23C /* Insertion_Sort.cpp in Sources */,
				B2E1DC4426C53BB700EAE140 /* Stable_Sort.cpp in Sources */,
				B278C5BD26CF8ED200F39F53 /* ShellSort.cpp in Sources */,
				B21B441626BFEBB30073F23C /* Bubble_Sort.cpp in Sources */,
			);
			runOnlyForDeploymentPostprocessing = 0;
		};
/* End PBXSourcesBuildPhase section */

/* Begin XCBuildConfiguration section */
		B21B440226BE309A0073F23C /* Debug */ = {
			isa = XCBuildConfiguration;
			buildSettings = {
				ALWAYS_SEARCH_USER_PATHS = NO;
				CLANG_ANALYZER_NONNULL = YES;
				CLANG_ANALYZER_NUMBER_OBJECT_CONVERSION = YES_AGGRESSIVE;
				CLANG_CXX_LANGUAGE_STANDARD = "gnu++14";
				CLANG_CXX_LIBRARY = "libc++";
				CLANG_ENABLE_MODULES = YES;
				CLANG_ENABLE_OBJC_ARC = YES;
				CLANG_ENABLE_OBJC_WEAK = YES;
				CLANG_WARN_BLOCK_CAPTURE_AUTORELEASING = YES;
				CLANG_WARN_BOOL_CONVERSION = YES;
				CLANG_WARN_COMMA = YES;
				CLANG_WARN_CONSTANT_CONVERSION = YES;
				CLANG_WARN_DEPRECATED_OBJC_IMPLEMENTATIONS = YES;
				CLANG_WARN_DIRECT_OBJC_ISA_USAGE = YES_ERROR;
				CLANG_WARN_DOCUMENTATION_COMMENTS = YES;
				CLANG_WARN_EMPTY_BODY = YES;
				CLANG_WARN_ENUM_CONVERSION = YES;
				CLANG_WARN_INFINITE_RECURSION = YES;
				CLANG_WARN_INT_CONVERSION = YES;
				CLANG_WARN_NON_LITERAL_NULL_CONVERSION = YES;
				CLANG_WARN_OBJC_IMPLICIT_RETAIN_SELF = YES;
				CLANG_WARN_OBJC_LITERAL_CONVERSION = YES;
				CLANG_WARN_OBJC_ROOT_CLASS = YES_ERROR;
				CLANG_WARN_QUOTED_INCLUDE_IN_FRAMEWORK_HEADER = YES;
				CLANG_WARN_RANGE_LOOP_ANALYSIS = YES;
				CLANG_WARN_STRICT_PROTOTYPES = YES;
				CLANG_WARN_SUSPICIOUS_MOVE = YES;
				CLANG_WARN_UNGUARDED_AVAILABILITY = YES_AGGRESSIVE;
				CLANG_WARN_UNREACHABLE_CODE = YES;
				CLANG_WARN__DUPLICATE_METHOD_MATCH = YES;
				COPY_PHASE_STRIP = NO;
				DEBUG_INFORMATION_FORMAT = dwarf;
				ENABLE_STRICT_OBJC_MSGSEND = YES;
				ENABLE_TESTABILITY = YES;
				GCC_C_LANGUAGE_STANDARD = gnu11;
				GCC_DYNAMIC_NO_PIC = NO;
				GCC_NO_COMMON_BLOCKS = YES;
				GCC_OPTIMIZATION_LEVEL = 0;
				GCC_PREPROCESSOR_DEFINITIONS = (
					"DEBUG=1",
					"$(inherited)",
				);
				GCC_WARN_64_TO_32_BIT_CONVERSION = YES;
				GCC_WARN_ABOUT_RETURN_TYPE = YES_ERROR;
				GCC_WARN_UNDECLARED_SELECTOR = YES;
				GCC_WARN_UNINITIALIZED_AUTOS = YES_AGGRESSIVE;
				GCC_WARN_UNUSED_FUNCTION = YES;
				GCC_WARN_UNUSED_VARIABLE = YES;
				MACOSX_DEPLOYMENT_TARGET = 11.3;
				MTL_ENABLE_DEBUG_INFO = INCLUDE_SOURCE;
				MTL_FAST_MATH = YES;
				ONLY_ACTIVE_ARCH = YES;
				SDKROOT = macosx;
			};
			name = Debug;
		};
		B21B440326BE309A0073F23C /* Release */ = {
			isa = XCBuildConfiguration;
			buildSettings = {
				ALWAYS_SEARCH_USER_PATHS = NO;
				CLANG_ANALYZER_NONNULL = YES;
				CLANG_ANALYZER_NUMBER_OBJECT_CONVERSION = YES_AGGRESSIVE;
				CLANG_CXX_LANGUAGE_STANDARD = "gnu++14";
				CLANG_CXX_LIBRARY = "libc++";
				CLANG_ENABLE_MODULES = YES;
				CLANG_ENABLE_OBJC_ARC = YES;
				CLANG_ENABLE_OBJC_WEAK = YES;
				CLANG_WARN_BLOCK_CAPTURE_AUTORELEASING = YES;
				CLANG_WARN_BOOL_CONVERSION = YES;
				CLANG_WARN_COMMA = YES;
				CLANG_WARN_CONSTANT_CONVERSION = YES;
				CLANG_WARN_DEPRECATED_OBJC_IMPLEMENTATIONS = YES;
				CLANG_WARN_DIRECT_OBJC_ISA_USAGE = YES_ERROR;
				CLANG_WARN_DOCUMENTATION_COMMENTS = YES;
				CLANG_WARN_EMPTY_BODY = YES;
				CLANG_WARN_ENUM_CONVERSION = YES;
				CLANG_WARN_INFINITE_RECURSION = YES;
				CLANG_WARN_INT_CONVERSION = YES;
				CLANG_WARN_NON_LITERAL_NULL_CONVERSION = YES;
				CLANG_WARN_OBJC_IMPLICIT_RETAIN_SELF = YES;
				CLANG_WARN_OBJC_LITERAL_CONVERSION = YES;
				CLANG_WARN_OBJC_ROOT_CLASS = YES_ERROR;
				CLANG_WARN_QUOTED_INCLUDE_IN_FRAMEWORK_HEADER = YES;
				CLANG_WARN_RANGE_LOOP_ANALYSIS = YES;
				CLANG_WARN_STRICT_PROTOTYPES = YES;
				CLANG_WARN_SUSPICIOUS_MOVE = YES;
				CLANG_WARN_UNGUARDED_AVAILABILITY = YES_AGGRESSIVE;
				CLANG_WARN_UNREACHABLE_CODE = YES;
				CLANG_WARN__DUPLICATE_METHOD_MATCH = YES;
				COPY_PHASE_STRIP = NO;
				DEBUG_INFORMATION_FORMAT = "dwarf-with-dsym";
				ENABLE_NS_ASSERTIONS = NO;
				ENABLE_STRICT_OBJC_MSGSEND = YES;
				GCC_C_LANGUAGE_STANDARD = gnu11;
				GCC_NO_COMMON_BLOCKS = YES;
				GCC_WARN_64_TO_32_BIT_CONVERSION = YES;
				GCC_WARN_ABOUT_RETURN_TYPE = YES_ERROR;
				GCC_WARN_UNDECLARED_SELECTOR = YES;
				GCC_WARN_UNINITIALIZED_AUTOS = YES_AGGRESSIVE;
				GCC_WARN_UNUSED_FUNCTION = YES;
				GCC_WARN_UNUSED_VARIABLE = YES;
				MACOSX_DEPLOYMENT_TARGET = 11.3;
				MTL_ENABLE_DEBUG_INFO = NO;
				MTL_FAST_MATH = YES;
				SDKROOT = macosx;
			};
			name = Release;
		};
		B21B440526BE309A0073F23C /* Debug */ = {
			isa = XCBuildConfiguration;
			buildSettings = {
				CODE_SIGN_STYLE = Automatic;
				DEVELOPMENT_TEAM = PBQ3LBLK2G;
				ENABLE_HARDENED_RUNTIME = YES;
				PRODUCT_NAME = "$(TARGET_NAME)";
			};
			name = Debug;
		};
		B21B440626BE309A0073F23C /* Release */ = {
			isa = XCBuildConfiguration;
			buildSettings = {
				CODE_SIGN_STYLE = Automatic;
				DEVELOPMENT_TEAM = PBQ3LBLK2G;
				ENABLE_HARDENED_RUNTIME = YES;
				PRODUCT_NAME = "$(TARGET_NAME)";
			};
			name = Release;
		};
/* End XCBuildConfiguration section */

/* Begin XCConfigurationList section */
		B21B43F826BE309A0073F23C /* Build configuration list for PBXProject "algorithm_and_data_structure" */ = {
			isa = XCConfigurationList;
			buildConfigurations = (
				B21B440226BE309A0073F23C /* Debug */,
				B21B440326BE309A0073F23C /* Release */,
			);
			defaultConfigurationIsVisible = 0;
			defaultConfigurationName = Release;
		};
		B21B440426BE309A0073F23C /* Build configuration list for PBXNativeTarget "algorithm_and_data_structure" */ = {
			isa = XCConfigurationList;
			buildConfigurations = (
				B21B440526BE309A0073F23C /* Debug */,
				B21B440626BE309A0073F23C /* Release */,
			);
			defaultConfigurationIsVisible = 0;
			defaultConfigurationName = Release;
		};
/* End XCConfigurationList section */
	};
	rootObject = B21B43F526BE309A0073F23C /* Project object */;
}
